
Microsoft Visual Studio Solution File, Format Version 12.00
# Visual Studio Version 17
VisualStudioVersion = 17.12.35707.178
MinimumVisualStudioVersion = 10.0.40219.1
Project("{FAE04EC0-301F-11D3-BF4B-00C04F79EFBC}") = "Naistrings", "Naistrings\Naistrings.csproj", "{5B1E3E3C-C6B7-437A-8375-42F4E5079DEB}"
EndProject
Project("{FAE04EC0-301F-11D3-BF4B-00C04F79EFBC}") = "Naistrings.Client", "Naistrings.Client\Naistrings.Client.csproj", "{D7D9F706-20D0-4F42-AD7E-E807EFDE7551}"
EndProject
Project("{FAE04EC0-301F-11D3-BF4B-00C04F79EFBC}") = "NaistringsCore", "..\NaistringsCore\NaistringsCore.csproj", "{2A8A6696-FC2F-428B-812B-013E614522E5}"
EndProject
Project("{FAE04EC0-301F-11D3-BF4B-00C04F79EFBC}") = "Naistring.Backend", "..\Naistring.Backend\Naistring.Backend.csproj", "{1130CE09-02A9-4611-B507-E4DA1C804A0B}"
EndProject
Global
	GlobalSection(SolutionConfigurationPlatforms) = preSolution
		Debug|Any CPU = Debug|Any CPU
		Release|Any CPU = Release|Any CPU
	EndGlobalSection
	GlobalSection(ProjectConfigurationPlatforms) = postSolution
		{5B1E3E3C-C6B7-437A-8375-42F4E5079DEB}.Debug|Any CPU.ActiveCfg = Debug|Any CPU
		{5B1E3E3C-C6B7-437A-8375-42F4E5079DEB}.Debug|Any CPU.Build.0 = Debug|Any CPU
		{5B1E3E3C-C6B7-437A-8375-42F4E5079DEB}.Release|Any CPU.ActiveCfg = Release|Any CPU
		{5B1E3E3C-C6B7-437A-8375-42F4E5079DEB}.Release|Any CPU.Build.0 = Release|Any CPU
		{D7D9F706-20D0-4F42-AD7E-E807EFDE7551}.Debug|Any CPU.ActiveCfg = Debug|Any CPU
		{D7D9F706-20D0-4F42-AD7E-E807EFDE7551}.Debug|Any CPU.Build.0 = Debug|Any CPU
		{D7D9F706-20D0-4F42-AD7E-E807EFDE7551}.Release|Any CPU.ActiveCfg = Release|Any CPU
		{D7D9F706-20D0-4F42-AD7E-E807EFDE7551}.Release|Any CPU.Build.0 = Release|Any CPU
		{2A8A6696-FC2F-428B-812B-013E614522E5}.Debug|Any CPU.ActiveCfg = Debug|Any CPU
		{2A8A6696-FC2F-428B-812B-013E614522E5}.Debug|Any CPU.Build.0 = Debug|Any CPU
		{2A8A6696-FC2F-428B-812B-013E614522E5}.Release|Any CPU.ActiveCfg = Release|Any CPU
		{2A8A6696-FC2F-428B-812B-013E614522E5}.Release|Any CPU.Build.0 = Release|Any CPU
		{1130CE09-02A9-4611-B507-E4DA1C804A0B}.Debug|Any CPU.ActiveCfg = Debug|Any CPU
		{1130CE09-02A9-4611-B507-E4DA1C804A0B}.Debug|Any CPU.Build.0 = Debug|Any CPU
		{1130CE09-02A9-4611-B507-E4DA1C804A0B}.Release|Any CPU.ActiveCfg = Release|Any CPU
		{1130CE09-02A9-4611-B507-E4DA1C804A0B}.Release|Any CPU.Build.0 = Release|Any CPU
	EndGlobalSection
	GlobalSection(SolutionProperties) = preSolution
		HideSolutionNode = FALSE
	EndGlobalSection
EndGlobal
